{
  "originHash" : "a29578adf5a6486f5d62e871c4fb8d9faa3ebeb976a082dc99e20e8699c58445",
  "pins" : [
    {
      "identity" : "bab-language-kmp",
      "kind" : "remoteSourceControl",
      "location" : "https://github.com/etonealbert/bab-language-kmp.git",
      "state" : {
        "branch" : "main",
        "revision" : "fccb1d0bc8eadc8a990c1d8ab578c7ae815bc659"
      }
    }
  ],
  "version" : 3
}
